
Microsoft Visual Studio Solution File, Format Version 12.00
# Visual Studio Version 17
VisualStudioVersion = 17.3.32922.545
MinimumVisualStudioVersion = 10.0.40219.1
Project("{FAE04EC0-301F-11D3-BF4B-00C04F79EFBC}") = "Of Bridge", "Of Bridge\Of Bridge.csproj", "{495EFCF9-CB51-433A-AD2C-2CAB68972EA0}"
EndProject
Global
	GlobalSection(SolutionConfigurationPlatforms) = preSolution
		Debug|Any CPU = Debug|Any CPU
		Release|Any CPU = Release|Any CPU
	EndGlobalSection
	GlobalSection(ProjectConfigurationPlatforms) = postSolution
		{495EFCF9-CB51-433A-AD2C-2CAB68972EA0}.Debug|Any CPU.ActiveCfg = Debug|Any CPU
		{495EFCF9-CB51-433A-AD2C-2CAB68972EA0}.Debug|Any CPU.Build.0 = Debug|Any CPU
		{495EFCF9-CB51-433A-AD2C-2CAB68972EA0}.Release|Any CPU.ActiveCfg = Release|Any CPU
		{495EFCF9-CB51-433A-AD2C-2CAB68972EA0}.Release|Any CPU.Build.0 = Release|Any CPU
	EndGlobalSection
	GlobalSection(SolutionProperties) = preSolution
		HideSolutionNode = FALSE
	EndGlobalSection
	GlobalSection(ExtensibilityGlobals) = postSolution
		SolutionGuid = {6A494C54-04BF-460B-B17D-27D2730BAE74}
	EndGlobalSection
EndGlobal
